
Microsoft Visual Studio Solution File, Format Version 12.00
# Visual Studio Version 17
VisualStudioVersion = 17.9.34728.123
MinimumVisualStudioVersion = 10.0.40219.1
Project("{9A19103F-16F7-4668-BE54-9A1E7A4F7556}") = "Ex17.BookShelf", "Ex17.BookShelf.csproj", "{3D2DA5C6-5CA5-47B9-99E1-61D1E61EFC6D}"
EndProject
Global
	GlobalSection(SolutionConfigurationPlatforms) = preSolution
		Debug|Any CPU = Debug|Any CPU
		Release|Any CPU = Release|Any CPU
	EndGlobalSection
	GlobalSection(ProjectConfigurationPlatforms) = postSolution
		{3D2DA5C6-5CA5-47B9-99E1-61D1E61EFC6D}.Debug|Any CPU.ActiveCfg = Debug|Any CPU
		{3D2DA5C6-5CA5-47B9-99E1-61D1E61EFC6D}.Debug|Any CPU.Build.0 = Debug|Any CPU
		{3D2DA5C6-5CA5-47B9-99E1-61D1E61EFC6D}.Release|Any CPU.ActiveCfg = Release|Any CPU
		{3D2DA5C6-5CA5-47B9-99E1-61D1E61EFC6D}.Release|Any CPU.Build.0 = Release|Any CPU
	EndGlobalSection
	GlobalSection(SolutionProperties) = preSolution
		HideSolutionNode = FALSE
	EndGlobalSection
	GlobalSection(ExtensibilityGlobals) = postSolution
		SolutionGuid = {C62E3B1B-FD0A-4823-9C11-C6D65FA03DAB}
	EndGlobalSection
EndGlobal
